
Microsoft Visual Studio Solution File, Format Version 12.00
# Visual Studio Version 17
VisualStudioVersion = 17.3.32929.385
MinimumVisualStudioVersion = 10.0.40219.1
Project("{FAE04EC0-301F-11D3-BF4B-00C04F79EFBC}") = "ConsoleApp1", "ConsoleApp1\ConsoleApp1.csproj", "{6092D169-B5E4-4DFF-8473-384E52BA98DD}"
EndProject
Global
	GlobalSection(SolutionConfigurationPlatforms) = preSolution
		Debug|Any CPU = Debug|Any CPU
		Release|Any CPU = Release|Any CPU
	EndGlobalSection
	GlobalSection(ProjectConfigurationPlatforms) = postSolution
		{6092D169-B5E4-4DFF-8473-384E52BA98DD}.Debug|Any CPU.ActiveCfg = Debug|Any CPU
		{6092D169-B5E4-4DFF-8473-384E52BA98DD}.Debug|Any CPU.Build.0 = Debug|Any CPU
		{6092D169-B5E4-4DFF-8473-384E52BA98DD}.Release|Any CPU.ActiveCfg = Release|Any CPU
		{6092D169-B5E4-4DFF-8473-384E52BA98DD}.Release|Any CPU.Build.0 = Release|Any CPU
	EndGlobalSection
	GlobalSection(SolutionProperties) = preSolution
		HideSolutionNode = FALSE
	EndGlobalSection
	GlobalSection(ExtensibilityGlobals) = postSolution
		SolutionGuid = {845108B8-A92B-4ECB-B73E-13A05EDA9B1E}
	EndGlobalSection
EndGlobal
